{
  "projects": [
    {
      "projectId": "vVjGbvUwkV23CBGoevYCby",
      "version": "latest",
      "dependencies": {},
      "lang": "js",
      "fileLocks": [
        {
          "type": "globalVariant",
          "assetId": "Ic2XLkMDNdbp",
          "checksum": "4b9028a496071d35f9549509a0b17771"
        },
        {
          "assetId": "vVjGbvUwkV23CBGoevYCby",
          "type": "projectCss",
          "checksum": "b62217a85f6ba360504b037f09f1eb62"
        },
        {
          "type": "renderModule",
          "assetId": "-dcyF49qhyX",
          "checksum": "20ab86c314d6ff93e9fb3c1f1d0a86ee"
        },
        {
          "type": "cssRules",
          "assetId": "-dcyF49qhyX",
          "checksum": "20ab86c314d6ff93e9fb3c1f1d0a86ee"
        },
        {
          "type": "renderModule",
          "assetId": "GOe_p0SSRPLF",
          "checksum": "988d7a2e69f579622c65f6dc3edc80af"
        },
        {
          "type": "cssRules",
          "assetId": "GOe_p0SSRPLF",
          "checksum": "988d7a2e69f579622c65f6dc3edc80af"
        },
        {
          "type": "renderModule",
          "assetId": "tlUAxI50qyJ2",
          "checksum": "ec961abffd744aafa31881cb11e59125"
        },
        {
          "type": "cssRules",
          "assetId": "tlUAxI50qyJ2",
          "checksum": "ec961abffd744aafa31881cb11e59125"
        },
        {
          "type": "renderModule",
          "assetId": "gynvKYUN6Bos",
          "checksum": "16bf85387a40f3a3f1a9c4cf10abfc9e"
        },
        {
          "type": "cssRules",
          "assetId": "gynvKYUN6Bos",
          "checksum": "16bf85387a40f3a3f1a9c4cf10abfc9e"
        },
        {
          "type": "renderModule",
          "assetId": "8MU0F2Dvq-uK",
          "checksum": "83f8ea0bf755739cda896381fb2c496e"
        },
        {
          "type": "cssRules",
          "assetId": "8MU0F2Dvq-uK",
          "checksum": "83f8ea0bf755739cda896381fb2c496e"
        },
        {
          "type": "renderModule",
          "assetId": "PowlnT_eP0kA",
          "checksum": "ae8e38001299043688ca592fba17a121"
        },
        {
          "type": "cssRules",
          "assetId": "PowlnT_eP0kA",
          "checksum": "ae8e38001299043688ca592fba17a121"
        },
        {
          "type": "renderModule",
          "assetId": "WnnJehOBwlFt",
          "checksum": "97499c42c207c50ca47e93984b7e9db7"
        },
        {
          "type": "cssRules",
          "assetId": "WnnJehOBwlFt",
          "checksum": "97499c42c207c50ca47e93984b7e9db7"
        },
        {
          "type": "renderModule",
          "assetId": "Juhblat5_sI2",
          "checksum": "fbda7fd706626aae006ead6fa6c9c815"
        },
        {
          "type": "cssRules",
          "assetId": "Juhblat5_sI2",
          "checksum": "fbda7fd706626aae006ead6fa6c9c815"
        },
        {
          "type": "renderModule",
          "assetId": "r3mXiAt068AK",
          "checksum": "247d5b1e3de4037addfccf12984476ca"
        },
        {
          "type": "cssRules",
          "assetId": "r3mXiAt068AK",
          "checksum": "247d5b1e3de4037addfccf12984476ca"
        },
        {
          "type": "renderModule",
          "assetId": "-fMh9KcLX9gU",
          "checksum": "a217027365cc7e255b7e6debcfdabe72"
        },
        {
          "type": "cssRules",
          "assetId": "-fMh9KcLX9gU",
          "checksum": "a217027365cc7e255b7e6debcfdabe72"
        },
        {
          "type": "renderModule",
          "assetId": "oJ_cFLKk19bH",
          "checksum": "bb418d1c7a6156a28e8178f136f01240"
        },
        {
          "type": "cssRules",
          "assetId": "oJ_cFLKk19bH",
          "checksum": "bb418d1c7a6156a28e8178f136f01240"
        },
        {
          "type": "renderModule",
          "assetId": "yL3XJGMsYTXL",
          "checksum": "e833858fca7924112040bbf36d0b2556"
        },
        {
          "type": "cssRules",
          "assetId": "yL3XJGMsYTXL",
          "checksum": "e833858fca7924112040bbf36d0b2556"
        },
        {
          "type": "renderModule",
          "assetId": "Gq734SRnqdzQ",
          "checksum": "80ec60f30b222c4f76b1211fd90dfc0f"
        },
        {
          "type": "cssRules",
          "assetId": "Gq734SRnqdzQ",
          "checksum": "80ec60f30b222c4f76b1211fd90dfc0f"
        },
        {
          "type": "renderModule",
          "assetId": "9pewbef40anp",
          "checksum": "894048d483e00b45bc9391a3f229dcd5"
        },
        {
          "type": "cssRules",
          "assetId": "9pewbef40anp",
          "checksum": "894048d483e00b45bc9391a3f229dcd5"
        },
        {
          "type": "renderModule",
          "assetId": "c9pUILtM0gU0",
          "checksum": "125033b3da0c176acdb1be1bd819c558"
        },
        {
          "type": "cssRules",
          "assetId": "c9pUILtM0gU0",
          "checksum": "125033b3da0c176acdb1be1bd819c558"
        },
        {
          "type": "renderModule",
          "assetId": "d-vfE4bL9h6g",
          "checksum": "aa7d89eaa3ab9fe500c858014bc6c5bd"
        },
        {
          "type": "cssRules",
          "assetId": "d-vfE4bL9h6g",
          "checksum": "aa7d89eaa3ab9fe500c858014bc6c5bd"
        },
        {
          "type": "icon",
          "assetId": "2vl8DLGGfvRp",
          "checksum": "a2545af9dc2b3b0de4acbcb93e6720d2"
        },
        {
          "type": "icon",
          "assetId": "Z69BLMXyWDMd",
          "checksum": "1c4cd7d54d6608d08fb8d9dad0528040"
        },
        {
          "type": "icon",
          "assetId": "hvDQXs3wePgy",
          "checksum": "6563e06a9480d57c0508a4e2a940bf7a"
        },
        {
          "type": "icon",
          "assetId": "GETlZw6W_7KG",
          "checksum": "0e5388ccc71dfe30bc98dae57e975b57"
        },
        {
          "type": "icon",
          "assetId": "WMRYDW3wCiFe",
          "checksum": "bd65312947f1b1113449441bf9d36d8b"
        },
        {
          "type": "icon",
          "assetId": "U-isDnUz6cuU",
          "checksum": "f6af9958adf8fe24005c1d9eb6c3fb77"
        },
        {
          "type": "icon",
          "assetId": "aWzfgrV6QKA5",
          "checksum": "2d5e85616562fa13f9187ea2995c446f"
        },
        {
          "type": "icon",
          "assetId": "rvrUPNmfepMY",
          "checksum": "e6a9c81f1de255896872660b97336aa9"
        },
        {
          "type": "icon",
          "assetId": "6lFrGENc0UYZ",
          "checksum": "9eae3beb03fdfd46749e99de14ee302b"
        },
        {
          "type": "icon",
          "assetId": "hEgX6COCgvna",
          "checksum": "74485a5e46fb58561ccb9b34aecdf881"
        },
        {
          "type": "icon",
          "assetId": "fwKg7tn4POxD",
          "checksum": "f5ca0eb80239b3fdfc5d18851e85602c"
        },
        {
          "type": "icon",
          "assetId": "BbTco0_bYknu",
          "checksum": "cb3c8dbfe41358665861936d513db887"
        },
        {
          "type": "icon",
          "assetId": "UiaCzYy-HcED",
          "checksum": "d8632b733e4bdf288e173c3ef4508b20"
        },
        {
          "type": "icon",
          "assetId": "ddQT5PxYmaNI",
          "checksum": "313199d6c80771dd088f8ce2b1d928ff"
        },
        {
          "type": "icon",
          "assetId": "DMCv3U011oTM",
          "checksum": "eeb9c762e482cccf392658c4e2e40800"
        },
        {
          "type": "icon",
          "assetId": "ZAX1K4g9941D",
          "checksum": "b2db106e27f16c4082377fd139752a0b"
        },
        {
          "type": "icon",
          "assetId": "aDQ-wWktwNFJ",
          "checksum": "cd8655834a3ca4382b50c53fa158dbea"
        },
        {
          "type": "image",
          "assetId": "pyhk-TABAXNQ",
          "checksum": "953c22b983da33f7dbe37f894aa7a1a9"
        },
        {
          "type": "image",
          "assetId": "-T0CkNyUUNbc",
          "checksum": "096c50bcb78802d5394fc48276c08ba3"
        },
        {
          "type": "image",
          "assetId": "xN6cuwrQ5nvb",
          "checksum": "1c791074d66a19726b41a3d2e6751e42"
        },
        {
          "type": "image",
          "assetId": "HzsH8m9PTTPb",
          "checksum": "f501ffb20ef2b397504c9a3fe5e8cc95"
        },
        {
          "type": "image",
          "assetId": "QyECTn-YCu2L",
          "checksum": "c2aecbc1fb9a14cf3c40b4d666b3b179"
        },
        {
          "type": "image",
          "assetId": "lvHPP0CbHJ9v",
          "checksum": "a8080fa127bccba5fa015417e9e56167"
        },
        {
          "type": "image",
          "assetId": "8WTOlzrRvkCE",
          "checksum": "a0e4f9caf1869c0d370aa0a529631cca"
        },
        {
          "type": "image",
          "assetId": "yydoqWjNO40s",
          "checksum": "eb696a5880ad5749703a79b2cf6cb3bf"
        },
        {
          "type": "image",
          "assetId": "Wj2yYxLPBXvo",
          "checksum": "6590a5cc1ea25a6090fa2d2825947d35"
        },
        {
          "type": "image",
          "assetId": "UNQW12hDgFon",
          "checksum": "442d5d875e25f8cffc63651fb30bd5d2"
        },
        {
          "type": "image",
          "assetId": "Vx8udk5_ACxq",
          "checksum": "4c0353f788726e01519f9fa419613c02"
        },
        {
          "type": "image",
          "assetId": "acR0u5zxa4kj",
          "checksum": "0d531e156bd6e30207fedbeedc10edbe"
        },
        {
          "type": "image",
          "assetId": "KDOBeqp6CFmq",
          "checksum": "1185ab55cff4b0cf322679942df6e172"
        },
        {
          "type": "image",
          "assetId": "AcusGevwEM4V",
          "checksum": "151a44727f0054badebedbbcb349fde1"
        },
        {
          "type": "image",
          "assetId": "ASEisvbAexnj",
          "checksum": "c9d908c542e9add0d1f8b0da3aedcdd5"
        },
        {
          "type": "image",
          "assetId": "OcRNpfkVxrXR",
          "checksum": "ffe23cc51c8c833b4d5be39ce7c29239"
        },
        {
          "type": "image",
          "assetId": "w0gsZs2V_muW",
          "checksum": "c1add27733ab604b25fd812d4f0c5821"
        },
        {
          "type": "image",
          "assetId": "h2-HteXc9acO",
          "checksum": "a614309f076bd0556b73adc9e4c8520f"
        },
        {
          "type": "image",
          "assetId": "bKzJZuFHRceZ",
          "checksum": "ab528b4d975d6d6aa5abca386ce20b6f"
        },
        {
          "type": "image",
          "assetId": "4a_r5KCmphqg",
          "checksum": "4c9afaf578919bb4530028cd128f57e0"
        }
      ]
    }
  ],
  "cliVersion": "0.1.166"
}
